
Microsoft Visual Studio Solution File, Format Version 12.00
# Visual Studio Version 16
VisualStudioVersion = 16.0.29806.167
MinimumVisualStudioVersion = 10.0.40219.1
Project("{8BC9CEB8-8B4A-11D0-8D11-00A0C91BC942}") = "Client", "Client\MaluchRacer2Multi.vcxproj", "{C5B55700-AAB3-4600-AC93-C923855180AC}"
EndProject
Global
	GlobalSection(SolutionConfigurationPlatforms) = preSolution
		Debug|Any CPU = Debug|Any CPU
		Debug|x64 = Debug|x64
		Debug|x86 = Debug|x86
		Release|Any CPU = Release|Any CPU
		Release|x64 = Release|x64
		Release|x86 = Release|x86
	EndGlobalSection
	GlobalSection(ProjectConfigurationPlatforms) = postSolution
		{C5B55700-AAB3-4600-AC93-C923855180AC}.Debug|Any CPU.ActiveCfg = Debug|Win32
		{C5B55700-AAB3-4600-AC93-C923855180AC}.Debug|x64.ActiveCfg = Debug|x64
		{C5B55700-AAB3-4600-AC93-C923855180AC}.Debug|x64.Build.0 = Debug|x64
		{C5B55700-AAB3-4600-AC93-C923855180AC}.Debug|x86.ActiveCfg = Debug|Win32
		{C5B55700-AAB3-4600-AC93-C923855180AC}.Debug|x86.Build.0 = Debug|Win32
		{C5B55700-AAB3-4600-AC93-C923855180AC}.Release|Any CPU.ActiveCfg = Release|Win32
		{C5B55700-AAB3-4600-AC93-C923855180AC}.Release|x64.ActiveCfg = Release|x64
		{C5B55700-AAB3-4600-AC93-C923855180AC}.Release|x64.Build.0 = Release|x64
		{C5B55700-AAB3-4600-AC93-C923855180AC}.Release|x86.ActiveCfg = Release|Win32
		{C5B55700-AAB3-4600-AC93-C923855180AC}.Release|x86.Build.0 = Release|Win32
		{0F660F23-A20C-4CD4-BE27-8065114766CD}.Debug|Any CPU.ActiveCfg = Debug|Any CPU
		{0F660F23-A20C-4CD4-BE27-8065114766CD}.Debug|Any CPU.Build.0 = Debug|Any CPU
		{0F660F23-A20C-4CD4-BE27-8065114766CD}.Debug|x64.ActiveCfg = Debug|Any CPU
		{0F660F23-A20C-4CD4-BE27-8065114766CD}.Debug|x64.Build.0 = Debug|Any CPU
		{0F660F23-A20C-4CD4-BE27-8065114766CD}.Debug|x86.ActiveCfg = Debug|Any CPU
		{0F660F23-A20C-4CD4-BE27-8065114766CD}.Debug|x86.Build.0 = Debug|Any CPU
		{0F660F23-A20C-4CD4-BE27-8065114766CD}.Release|Any CPU.ActiveCfg = Release|Any CPU
		{0F660F23-A20C-4CD4-BE27-8065114766CD}.Release|Any CPU.Build.0 = Release|Any CPU
		{0F660F23-A20C-4CD4-BE27-8065114766CD}.Release|x64.ActiveCfg = Release|Any CPU
		{0F660F23-A20C-4CD4-BE27-8065114766CD}.Release|x64.Build.0 = Release|Any CPU
		{0F660F23-A20C-4CD4-BE27-8065114766CD}.Release|x86.ActiveCfg = Release|Any CPU
		{0F660F23-A20C-4CD4-BE27-8065114766CD}.Release|x86.Build.0 = Release|Any CPU
	EndGlobalSection
	GlobalSection(SolutionProperties) = preSolution
		HideSolutionNode = FALSE
	EndGlobalSection
	GlobalSection(ExtensibilityGlobals) = postSolution
		SolutionGuid = {21C9D598-CB94-4A5B-8495-AEA6F1857E46}
	EndGlobalSection
EndGlobal
